// !$*UTF8*$!
{
	archiveVersion = 1;
	classes = {
	};
	objectVersion = 52;
	objects = {

/* Begin PBXBuildFile section */
		DDADA096240A83B300842749 /* AppDelegate.swift in Sources */ = {isa = PBXBuildFile; fileRef = DDADA095240A83B300842749 /* AppDelegate.swift */; };
		DDADA098240A83B300842749 /* SceneDelegate.swift in Sources */ = {isa = PBXBuildFile; fileRef = DDADA097240A83B300842749 /* SceneDelegate.swift */; };
		DDADA09A240A83B300842749 /* ContentView.swift in Sources */ = {isa = PBXBuildFile; fileRef = DDADA099240A83B300842749 /* ContentView.swift */; };
		DDADA09C240A83B400842749 /* Assets.xcassets in Resources */ = {isa = PBXBuildFile; fileRef = DDADA09B240A83B400842749 /* Assets.xcassets */; };
		DDADA09F240A83B400842749 /* Preview Assets.xcassets in Resources */ = {isa = PBXBuildFile; fileRef = DDADA09E240A83B400842749 /* Preview Assets.xcassets */; };
		DDADA0A2240A83B400842749 /* LaunchScreen.storyboard in Resources */ = {isa = PBXBuildFile; fileRef = DDADA0A0240A83B400842749 /* LaunchScreen.storyboard */; };
		DDADA0AC240A83FF00842749 /* MultipeerKit in Frameworks */ = {isa = PBXBuildFile; productRef = DDADA0AB240A83FF00842749 /* MultipeerKit */; };
		DDADA0AE240A844B00842749 /* ExamplePayload.swift in Sources */ = {isa = PBXBuildFile; fileRef = DDADA0AD240A844B00842749 /* ExamplePayload.swift */; };
		DE13AA3F2842BD50008C3C54 /* Peer+History.swift in Sources */ = {isa = PBXBuildFile; fileRef = DE13AA3E2842BD50008C3C54 /* Peer+History.swift */; };
/* End PBXBuildFile section */

/* Begin PBXFileReference section */
		DD2DAF67240B04DF003D7A4D /* MultipeerKitExample.entitlements */ = {isa = PBXFileReference; lastKnownFileType = text.plist.entitlements; path = MultipeerKitExample.entitlements; sourceTree = "<group>"; };
		DDADA092240A83B300842749 /* MultipeerKitExample.app */ = {isa = PBXFileReference; explicitFileType = wrapper.application; includeInIndex = 0; path = MultipeerKitExample.app; sourceTree = BUILT_PRODUCTS_DIR; };
		DDADA095240A83B300842749 /* AppDelegate.swift */ = {isa = PBXFileReference; lastKnownFileType = sourcecode.swift; path = AppDelegate.swift; sourceTree = "<group>"; };
		DDADA097240A83B300842749 /* SceneDelegate.swift */ = {isa = PBXFileReference; lastKnownFileType = sourcecode.swift; path = SceneDelegate.swift; sourceTree = "<group>"; };
		DDADA099240A83B300842749 /* ContentView.swift */ = {isa = PBXFileReference; indentWidth = 4; lastKnownFileType = sourcecode.swift; path = ContentView.swift; sourceTree = "<group>"; tabWidth = 4; usesTabs = 0; };
		DDADA09B240A83B400842749 /* Assets.xcassets */ = {isa = PBXFileReference; lastKnownFileType = folder.assetcatalog; path = Assets.xcassets; sourceTree = "<group>"; };
		DDADA09E240A83B400842749 /* Preview Assets.xcassets */ = {isa = PBXFileReference; lastKnownFileType = folder.assetcatalog; path = "Preview Assets.xcassets"; sourceTree = "<group>"; };
		DDADA0A1240A83B400842749 /* Base */ = {isa = PBXFileReference; lastKnownFileType = file.storyboard; name = Base; path = Base.lproj/LaunchScreen.storyboard; sourceTree = "<group>"; };
		DDADA0A3240A83B400842749 /* Info.plist */ = {isa = PBXFileReference; lastKnownFileType = text.plist.xml; path = Info.plist; sourceTree = "<group>"; };
		DDADA0A9240A83F800842749 /* MultipeerKit */ = {isa = PBXFileReference; lastKnownFileType = folder; name = MultipeerKit; path = ../..; sourceTree = "<group>"; };
		DDADA0AD240A844B00842749 /* ExamplePayload.swift */ = {isa = PBXFileReference; lastKnownFileType = sourcecode.swift; path = ExamplePayload.swift; sourceTree = "<group>"; };
		DE13AA3E2842BD50008C3C54 /* Peer+History.swift */ = {isa = PBXFileReference; lastKnownFileType = sourcecode.swift; path = "Peer+History.swift"; sourceTree = "<group>"; };
/* End PBXFileReference section */

/* Begin PBXFrameworksBuildPhase section */
		DDADA08F240A83B300842749 /* Frameworks */ = {
			isa = PBXFrameworksBuildPhase;
			buildActionMask = 2147483647;
			files = (
				DDADA0AC240A83FF00842749 /* MultipeerKit in Frameworks */,
			);
			runOnlyForDeploymentPostprocessing = 0;
		};
/* End PBXFrameworksBuildPhase section */

/* Begin PBXGroup section */
		DDADA089240A83B300842749 = {
			isa = PBXGroup;
			children = (
				DDADA0A9240A83F800842749 /* MultipeerKit */,
				DDADA094240A83B300842749 /* MultipeerKitExample */,
				DDADA093240A83B300842749 /* Products */,
				DDADA0AA240A83FF00842749 /* Frameworks */,
			);
			sourceTree = "<group>";
		};
		DDADA093240A83B300842749 /* Products */ = {
			isa = PBXGroup;
			children = (
				DDADA092240A83B300842749 /* MultipeerKitExample.app */,
			);
			name = Products;
			sourceTree = "<group>";
		};
		DDADA094240A83B300842749 /* MultipeerKitExample */ = {
			isa = PBXGroup;
			children = (
				DD2DAF67240B04DF003D7A4D /* MultipeerKitExample.entitlements */,
				DDADA0AD240A844B00842749 /* ExamplePayload.swift */,
				DDADA095240A83B300842749 /* AppDelegate.swift */,
				DDADA097240A83B300842749 /* SceneDelegate.swift */,
				DDADA099240A83B300842749 /* ContentView.swift */,
				DE13AA3E2842BD50008C3C54 /* Peer+History.swift */,
				DDADA09B240A83B400842749 /* Assets.xcassets */,
				DDADA0A0240A83B400842749 /* LaunchScreen.storyboard */,
				DDADA0A3240A83B400842749 /* Info.plist */,
				DDADA09D240A83B400842749 /* Preview Content */,
			);
			path = MultipeerKitExample;
			sourceTree = "<group>";
		};
		DDADA09D240A83B400842749 /* Preview Content */ = {
			isa = PBXGroup;
			children = (
				DDADA09E240A83B400842749 /* Preview Assets.xcassets */,
			);
			path = "Preview Content";
			sourceTree = "<group>";
		};
		DDADA0AA240A83FF00842749 /* Frameworks */ = {
			isa = PBXGroup;
			children = (
			);
			name = Frameworks;
			sourceTree = "<group>";
		};
/* End PBXGroup section */

/* Begin PBXNativeTarget section */
		DDADA091240A83B300842749 /* MultipeerKitExample */ = {
			isa = PBXNativeTarget;
			buildConfigurationList = DDADA0A6240A83B400842749 /* Build configuration list for PBXNativeTarget "MultipeerKitExample" */;
			buildPhases = (
				DDADA08E240A83B300842749 /* Sources */,
				DDADA08F240A83B300842749 /* Frameworks */,
				DDADA090240A83B300842749 /* Resources */,
			);
			buildRules = (
			);
			dependencies = (
			);
			name = MultipeerKitExample;
			packageProductDependencies = (
				DDADA0AB240A83FF00842749 /* MultipeerKit */,
			);
			productName = MultipeerKitExample;
			productReference = DDADA092240A83B300842749 /* MultipeerKitExample.app */;
			productType = "com.apple.product-type.application";
		};
/* End PBXNativeTarget section */

/* Begin PBXProject section */
		DDADA08A240A83B300842749 /* Project object */ = {
			isa = PBXProject;
			attributes = {
				LastSwiftUpdateCheck = 1140;
				LastUpgradeCheck = 1140;
				ORGANIZATIONNAME = "Guilherme Rambo";
				TargetAttributes = {
					DDADA091240A83B300842749 = {
						CreatedOnToolsVersion = 11.4;
					};
				};
			};
			buildConfigurationList = DDADA08D240A83B300842749 /* Build configuration list for PBXProject "MultipeerKitExample" */;
			compatibilityVersion = "Xcode 9.3";
			developmentRegion = en;
			hasScannedForEncodings = 0;
			knownRegions = (
				en,
				Base,
			);
			mainGroup = DDADA089240A83B300842749;
			productRefGroup = DDADA093240A83B300842749 /* Products */;
			projectDirPath = "";
			projectRoot = "";
			targets = (
				DDADA091240A83B300842749 /* MultipeerKitExample */,
			);
		};
/* End PBXProject section */

/* Begin PBXResourcesBuildPhase section */
		DDADA090240A83B300842749 /* Resources */ = {
			isa = PBXResourcesBuildPhase;
			buildActionMask = 2147483647;
			files = (
				DDADA0A2240A83B400842749 /* LaunchScreen.storyboard in Resources */,
				DDADA09F240A83B400842749 /* Preview Assets.xcassets in Resources */,
				DDADA09C240A83B400842749 /* Assets.xcassets in Resources */,
			);
			runOnlyForDeploymentPostprocessing = 0;
		};
/* End PBXResourcesBuildPhase section */

/* Begin PBXSourcesBuildPhase section */
		DDADA08E240A83B300842749 /* Sources */ = {
			isa = PBXSourcesBuildPhase;
			buildActionMask = 2147483647;
			files = (
				DE13AA3F2842BD50008C3C54 /* Peer+History.swift in Sources */,
				DDADA096240A83B300842749 /* AppDelegate.swift in Sources */,
				DDADA0AE240A844B00842749 /* ExamplePayload.swift in Sources */,
				DDADA098240A83B300842749 /* SceneDelegate.swift in Sources */,
				DDADA09A240A83B300842749 /* ContentView.swift in Sources */,
			);
			runOnlyForDeploymentPostprocessing = 0;
		};
/* End PBXSourcesBuildPhase section */

/* Begin PBXVariantGroup section */
		DDADA0A0240A83B400842749 /* LaunchScreen.storyboard */ = {
			isa = PBXVariantGroup;
			children = (
				DDADA0A1240A83B400842749 /* Base */,
			);
			name = LaunchScreen.storyboard;
			sourceTree = "<group>";
		};
/* End PBXVariantGroup section */

/* Begin XCBuildConfiguration section */
		DDADA0A4240A83B400842749 /* Debug */ = {
			isa = XCBuildConfiguration;
			buildSettings = {
				ALWAYS_SEARCH_USER_PATHS = NO;
				CLANG_ANALYZER_NONNULL = YES;
				CLANG_ANALYZER_NUMBER_OBJECT_CONVERSION = YES_AGGRESSIVE;
				CLANG_CXX_LANGUAGE_STANDARD = "gnu++14";
				CLANG_CXX_LIBRARY = "libc++";
				CLANG_ENABLE_MODULES = YES;
				CLANG_ENABLE_OBJC_ARC = YES;
				CLANG_ENABLE_OBJC_WEAK = YES;
				CLANG_WARN_BLOCK_CAPTURE_AUTORELEASING = YES;
				CLANG_WARN_BOOL_CONVERSION = YES;
				CLANG_WARN_COMMA = YES;
				CLANG_WARN_CONSTANT_CONVERSION = YES;
				CLANG_WARN_DEPRECATED_OBJC_IMPLEMENTATIONS = YES;
				CLANG_WARN_DIRECT_OBJC_ISA_USAGE = YES_ERROR;
				CLANG_WARN_DOCUMENTATION_COMMENTS = YES;
				CLANG_WARN_EMPTY_BODY = YES;
				CLANG_WARN_ENUM_CONVERSION = YES;
				CLANG_WARN_INFINITE_RECURSION = YES;
				CLANG_WARN_INT_CONVERSION = YES;
				CLANG_WARN_NON_LITERAL_NULL_CONVERSION = YES;
				CLANG_WARN_OBJC_IMPLICIT_RETAIN_SELF = YES;
				CLANG_WARN_OBJC_LITERAL_CONVERSION = YES;
				CLANG_WARN_OBJC_ROOT_CLASS = YES_ERROR;
				CLANG_WARN_RANGE_LOOP_ANALYSIS = YES;
				CLANG_WARN_STRICT_PROTOTYPES = YES;
				CLANG_WARN_SUSPICIOUS_MOVE = YES;
				CLANG_WARN_UNGUARDED_AVAILABILITY = YES_AGGRESSIVE;
				CLANG_WARN_UNREACHABLE_CODE = YES;
				CLANG_WARN__DUPLICATE_METHOD_MATCH = YES;
				COPY_PHASE_STRIP = NO;
				DEBUG_INFORMATION_FORMAT = dwarf;
				ENABLE_STRICT_OBJC_MSGSEND = YES;
				ENABLE_TESTABILITY = YES;
				GCC_C_LANGUAGE_STANDARD = gnu11;
				GCC_DYNAMIC_NO_PIC = NO;
				GCC_NO_COMMON_BLOCKS = YES;
				GCC_OPTIMIZATION_LEVEL = 0;
				GCC_PREPROCESSOR_DEFINITIONS = (
					"DEBUG=1",
					"$(inherited)",
				);
				GCC_WARN_64_TO_32_BIT_CONVERSION = YES;
				GCC_WARN_ABOUT_RETURN_TYPE = YES_ERROR;
				GCC_WARN_UNDECLARED_SELECTOR = YES;
				GCC_WARN_UNINITIALIZED_AUTOS = YES_AGGRESSIVE;
				GCC_WARN_UNUSED_FUNCTION = YES;
				GCC_WARN_UNUSED_VARIABLE = YES;
				IPHONEOS_DEPLOYMENT_TARGET = 13.4;
				MTL_ENABLE_DEBUG_INFO = INCLUDE_SOURCE;
				MTL_FAST_MATH = YES;
				ONLY_ACTIVE_ARCH = YES;
				SDKROOT = iphoneos;
				SWIFT_ACTIVE_COMPILATION_CONDITIONS = DEBUG;
				SWIFT_OPTIMIZATION_LEVEL = "-Onone";
			};
			name = Debug;
		};
		DDADA0A5240A83B400842749 /* Release */ = {
			isa = XCBuildConfiguration;
			buildSettings = {
				ALWAYS_SEARCH_USER_PATHS = NO;
				CLANG_ANALYZER_NONNULL = YES;
				CLANG_ANALYZER_NUMBER_OBJECT_CONVERSION = YES_AGGRESSIVE;
				CLANG_CXX_LANGUAGE_STANDARD = "gnu++14";
				CLANG_CXX_LIBRARY = "libc++";
				CLANG_ENABLE_MODULES = YES;
				CLANG_ENABLE_OBJC_ARC = YES;
				CLANG_ENABLE_OBJC_WEAK = YES;
				CLANG_WARN_BLOCK_CAPTURE_AUTORELEASING = YES;
				CLANG_WARN_BOOL_CONVERSION = YES;
				CLANG_WARN_COMMA = YES;
				CLANG_WARN_CONSTANT_CONVERSION = YES;
				CLANG_WARN_DEPRECATED_OBJC_IMPLEMENTATIONS = YES;
				CLANG_WARN_DIRECT_OBJC_ISA_USAGE = YES_ERROR;
				CLANG_WARN_DOCUMENTATION_COMMENTS = YES;
				CLANG_WARN_EMPTY_BODY = YES;
				CLANG_WARN_ENUM_CONVERSION = YES;
				CLANG_WARN_INFINITE_RECURSION = YES;
				CLANG_WARN_INT_CONVERSION = YES;
				CLANG_WARN_NON_LITERAL_NULL_CONVERSION = YES;
				CLANG_WARN_OBJC_IMPLICIT_RETAIN_SELF = YES;
				CLANG_WARN_OBJC_LITERAL_CONVERSION = YES;
				CLANG_WARN_OBJC_ROOT_CLASS = YES_ERROR;
				CLANG_WARN_RANGE_LOOP_ANALYSIS = YES;
				CLANG_WARN_STRICT_PROTOTYPES = YES;
				CLANG_WARN_SUSPICIOUS_MOVE = YES;
				CLANG_WARN_UNGUARDED_AVAILABILITY = YES_AGGRESSIVE;
				CLANG_WARN_UNREACHABLE_CODE = YES;
				CLANG_WARN__DUPLICATE_METHOD_MATCH = YES;
				COPY_PHASE_STRIP = NO;
				DEBUG_INFORMATION_FORMAT = "dwarf-with-dsym";
				ENABLE_NS_ASSERTIONS = NO;
				ENABLE_STRICT_OBJC_MSGSEND = YES;
				GCC_C_LANGUAGE_STANDARD = gnu11;
				GCC_NO_COMMON_BLOCKS = YES;
				GCC_WARN_64_TO_32_BIT_CONVERSION = YES;
				GCC_WARN_ABOUT_RETURN_TYPE = YES_ERROR;
				GCC_WARN_UNDECLARED_SELECTOR = YES;
				GCC_WARN_UNINITIALIZED_AUTOS = YES_AGGRESSIVE;
				GCC_WARN_UNUSED_FUNCTION = YES;
				GCC_WARN_UNUSED_VARIABLE = YES;
				IPHONEOS_DEPLOYMENT_TARGET = 13.4;
				MTL_ENABLE_DEBUG_INFO = NO;
				MTL_FAST_MATH = YES;
				SDKROOT = iphoneos;
				SWIFT_COMPILATION_MODE = wholemodule;
				SWIFT_OPTIMIZATION_LEVEL = "-O";
				VALIDATE_PRODUCT = YES;
			};
			name = Release;
		};
		DDADA0A7240A83B400842749 /* Debug */ = {
			isa = XCBuildConfiguration;
			buildSettings = {
				ASSETCATALOG_COMPILER_APPICON_NAME = AppIcon;
				CODE_SIGN_ENTITLEMENTS = MultipeerKitExample/MultipeerKitExample.entitlements;
				CODE_SIGN_STYLE = Automatic;
				DEVELOPMENT_ASSET_PATHS = "\"MultipeerKitExample/Preview Content\"";
				DEVELOPMENT_TEAM = 8C7439RJLG;
				ENABLE_PREVIEWS = YES;
				INFOPLIST_FILE = MultipeerKitExample/Info.plist;
				IPHONEOS_DEPLOYMENT_TARGET = 13.0;
				LD_RUNPATH_SEARCH_PATHS = (
					"$(inherited)",
					"@executable_path/Frameworks",
				);
				PRODUCT_BUNDLE_IDENTIFIER = codes.rambo.MultipeerKitExample;
				PRODUCT_NAME = "$(TARGET_NAME)";
				SUPPORTS_MACCATALYST = YES;
				SWIFT_VERSION = 5.0;
				TARGETED_DEVICE_FAMILY = "1,2";
			};
			name = Debug;
		};
		DDADA0A8240A83B400842749 /* Release */ = {
			isa = XCBuildConfiguration;
			buildSettings = {
				ASSETCATALOG_COMPILER_APPICON_NAME = AppIcon;
				CODE_SIGN_ENTITLEMENTS = MultipeerKitExample/MultipeerKitExample.entitlements;
				CODE_SIGN_STYLE = Automatic;
				DEVELOPMENT_ASSET_PATHS = "\"MultipeerKitExample/Preview Content\"";
				DEVELOPMENT_TEAM = 8C7439RJLG;
				ENABLE_PREVIEWS = YES;
				INFOPLIST_FILE = MultipeerKitExample/Info.plist;
				IPHONEOS_DEPLOYMENT_TARGET = 13.0;
				LD_RUNPATH_SEARCH_PATHS = (
					"$(inherited)",
					"@executable_path/Frameworks",
				);
				PRODUCT_BUNDLE_IDENTIFIER = codes.rambo.MultipeerKitExample;
				PRODUCT_NAME = "$(TARGET_NAME)";
				SUPPORTS_MACCATALYST = YES;
				SWIFT_VERSION = 5.0;
				TARGETED_DEVICE_FAMILY = "1,2";
			};
			name = Release;
		};
/* End XCBuildConfiguration section */

/* Begin XCConfigurationList section */
		DDADA08D240A83B300842749 /* Build configuration list for PBXProject "MultipeerKitExample" */ = {
			isa = XCConfigurationList;
			buildConfigurations = (
				DDADA0A4240A83B400842749 /* Debug */,
				DDADA0A5240A83B400842749 /* Release */,
			);
			defaultConfigurationIsVisible = 0;
			defaultConfigurationName = Release;
		};
		DDADA0A6240A83B400842749 /* Build configuration list for PBXNativeTarget "MultipeerKitExample" */ = {
			isa = XCConfigurationList;
			buildConfigurations = (
				DDADA0A7240A83B400842749 /* Debug */,
				DDADA0A8240A83B400842749 /* Release */,
			);
			defaultConfigurationIsVisible = 0;
			defaultConfigurationName = Release;
		};
/* End XCConfigurationList section */

/* Begin XCSwiftPackageProductDependency section */
		DDADA0AB240A83FF00842749 /* MultipeerKit */ = {
			isa = XCSwiftPackageProductDependency;
			productName = MultipeerKit;
		};
/* End XCSwiftPackageProductDependency section */
	};
	rootObject = DDADA08A240A83B300842749 /* Project object */;
}
